
Microsoft Visual Studio Solution File, Format Version 12.00
# Visual Studio 2013
VisualStudioVersion = 12.0.21005.1
MinimumVisualStudioVersion = 10.0.40219.1
Project("{FAE04EC0-301F-11D3-BF4B-00C04F79EFBC}") = "WPF WYSIWYG HTML Editor", "WPF WYSIWYG HTML Editor.csproj", "{13A55AE8-28AB-4DDB-9BC3-BABFD7D64FEA}"
EndProject
Global
	GlobalSection(SolutionConfigurationPlatforms) = preSolution
		Debug|Any CPU = Debug|Any CPU
		Release|Any CPU = Release|Any CPU
	EndGlobalSection
	GlobalSection(ProjectConfigurationPlatforms) = postSolution
		{13A55AE8-28AB-4DDB-9BC3-BABFD7D64FEA}.Debug|Any CPU.ActiveCfg = Debug|Any CPU
		{13A55AE8-28AB-4DDB-9BC3-BABFD7D64FEA}.Debug|Any CPU.Build.0 = Debug|Any CPU
		{13A55AE8-28AB-4DDB-9BC3-BABFD7D64FEA}.Release|Any CPU.ActiveCfg = Release|Any CPU
		{13A55AE8-28AB-4DDB-9BC3-BABFD7D64FEA}.Release|Any CPU.Build.0 = Release|Any CPU
	EndGlobalSection
	GlobalSection(SolutionProperties) = preSolution
		HideSolutionNode = FALSE
	EndGlobalSection
EndGlobal
